
Microsoft Visual Studio Solution File, Format Version 12.00
# Visual Studio Version 17
VisualStudioVersion = 17.9.34714.143
MinimumVisualStudioVersion = 10.0.40219.1
Project("{FAE04EC0-301F-11D3-BF4B-00C04F79EFBC}") = "day2Core", "day2Core\day2Core.csproj", "{9456FF97-DDC4-4A0B-BF4B-C847C0CEAABD}"
EndProject
Global
	GlobalSection(SolutionConfigurationPlatforms) = preSolution
		Debug|Any CPU = Debug|Any CPU
		Release|Any CPU = Release|Any CPU
	EndGlobalSection
	GlobalSection(ProjectConfigurationPlatforms) = postSolution
		{9456FF97-DDC4-4A0B-BF4B-C847C0CEAABD}.Debug|Any CPU.ActiveCfg = Debug|Any CPU
		{9456FF97-DDC4-4A0B-BF4B-C847C0CEAABD}.Debug|Any CPU.Build.0 = Debug|Any CPU
		{9456FF97-DDC4-4A0B-BF4B-C847C0CEAABD}.Release|Any CPU.ActiveCfg = Release|Any CPU
		{9456FF97-DDC4-4A0B-BF4B-C847C0CEAABD}.Release|Any CPU.Build.0 = Release|Any CPU
	EndGlobalSection
	GlobalSection(SolutionProperties) = preSolution
		HideSolutionNode = FALSE
	EndGlobalSection
	GlobalSection(ExtensibilityGlobals) = postSolution
		SolutionGuid = {2EF4B356-9C7D-42F2-8D00-AF1CA1E94C3E}
	EndGlobalSection
EndGlobal
